
Microsoft Visual Studio Solution File, Format Version 12.00
# Visual Studio 2013
VisualStudioVersion = 12.0.30723.0
MinimumVisualStudioVersion = 10.0.40219.1
Project("{FAE04EC0-301F-11D3-BF4B-00C04F79EFBC}") = "AndroidManifestUtil", "AndroidManifestUtil\AndroidManifestUtil.csproj", "{CD63C78C-01A0-468E-97AE-4B85DB87DF9A}"
EndProject
Project("{FAE04EC0-301F-11D3-BF4B-00C04F79EFBC}") = "AssemblyInfoUtil", "AssemblyInfoUtil\AssemblyInfoUtil.csproj", "{C8B45D56-7662-4E3B-B2AA-DD956EB03CD5}"
EndProject
Global
	GlobalSection(SolutionConfigurationPlatforms) = preSolution
		Debug|Any CPU = Debug|Any CPU
		Release|Any CPU = Release|Any CPU
	EndGlobalSection
	GlobalSection(ProjectConfigurationPlatforms) = postSolution
		{CD63C78C-01A0-468E-97AE-4B85DB87DF9A}.Debug|Any CPU.ActiveCfg = Debug|Any CPU
		{CD63C78C-01A0-468E-97AE-4B85DB87DF9A}.Debug|Any CPU.Build.0 = Debug|Any CPU
		{CD63C78C-01A0-468E-97AE-4B85DB87DF9A}.Release|Any CPU.ActiveCfg = Release|Any CPU
		{CD63C78C-01A0-468E-97AE-4B85DB87DF9A}.Release|Any CPU.Build.0 = Release|Any CPU
		{C8B45D56-7662-4E3B-B2AA-DD956EB03CD5}.Debug|Any CPU.ActiveCfg = Debug|Any CPU
		{C8B45D56-7662-4E3B-B2AA-DD956EB03CD5}.Debug|Any CPU.Build.0 = Debug|Any CPU
		{C8B45D56-7662-4E3B-B2AA-DD956EB03CD5}.Release|Any CPU.ActiveCfg = Release|Any CPU
		{C8B45D56-7662-4E3B-B2AA-DD956EB03CD5}.Release|Any CPU.Build.0 = Release|Any CPU
	EndGlobalSection
	GlobalSection(SolutionProperties) = preSolution
		HideSolutionNode = FALSE
	EndGlobalSection
EndGlobal
